
Microsoft Visual Studio Solution File, Format Version 12.00
# Visual Studio 2013
VisualStudioVersion = 12.0.31101.0
MinimumVisualStudioVersion = 10.0.40219.1
Project("{FAE04EC0-301F-11D3-BF4B-00C04F79EFBC}") = "Hourglass", "Hourglass\Hourglass.csproj", "{4E327D2C-9171-4596-82C5-A9C3CF5028E4}"
EndProject
Project("{FAE04EC0-301F-11D3-BF4B-00C04F79EFBC}") = "Hourglass.Test", "Hourglass.Test\Hourglass.Test.csproj", "{CBE74854-0344-4606-A854-BFA719896A98}"
EndProject
Project("{930C7802-8A8C-48F9-8165-68863BCCD9DD}") = "Hourglass.Setup", "Hourglass.Setup\Hourglass.Setup.wixproj", "{45E7F177-CA65-468A-B528-330A13D931D4}"
EndProject
Global
	GlobalSection(SolutionConfigurationPlatforms) = preSolution
		Debug Portable|Mixed Platforms = Debug Portable|Mixed Platforms
		Debug|Mixed Platforms = Debug|Mixed Platforms
		Release Portable|Mixed Platforms = Release Portable|Mixed Platforms
		Release|Mixed Platforms = Release|Mixed Platforms
	EndGlobalSection
	GlobalSection(ProjectConfigurationPlatforms) = postSolution
		{4E327D2C-9171-4596-82C5-A9C3CF5028E4}.Debug Portable|Mixed Platforms.ActiveCfg = Debug Portable|Any CPU
		{4E327D2C-9171-4596-82C5-A9C3CF5028E4}.Debug Portable|Mixed Platforms.Build.0 = Debug Portable|Any CPU
		{4E327D2C-9171-4596-82C5-A9C3CF5028E4}.Debug|Mixed Platforms.ActiveCfg = Debug|Any CPU
		{4E327D2C-9171-4596-82C5-A9C3CF5028E4}.Debug|Mixed Platforms.Build.0 = Debug|Any CPU
		{4E327D2C-9171-4596-82C5-A9C3CF5028E4}.Release Portable|Mixed Platforms.ActiveCfg = Release Portable|Any CPU
		{4E327D2C-9171-4596-82C5-A9C3CF5028E4}.Release Portable|Mixed Platforms.Build.0 = Release Portable|Any CPU
		{4E327D2C-9171-4596-82C5-A9C3CF5028E4}.Release|Mixed Platforms.ActiveCfg = Release|Any CPU
		{4E327D2C-9171-4596-82C5-A9C3CF5028E4}.Release|Mixed Platforms.Build.0 = Release|Any CPU
		{CBE74854-0344-4606-A854-BFA719896A98}.Debug Portable|Mixed Platforms.ActiveCfg = Debug Portable|Any CPU
		{CBE74854-0344-4606-A854-BFA719896A98}.Debug Portable|Mixed Platforms.Build.0 = Debug Portable|Any CPU
		{CBE74854-0344-4606-A854-BFA719896A98}.Debug|Mixed Platforms.ActiveCfg = Debug|Any CPU
		{CBE74854-0344-4606-A854-BFA719896A98}.Debug|Mixed Platforms.Build.0 = Debug|Any CPU
		{CBE74854-0344-4606-A854-BFA719896A98}.Release Portable|Mixed Platforms.ActiveCfg = Release Portable|Any CPU
		{CBE74854-0344-4606-A854-BFA719896A98}.Release Portable|Mixed Platforms.Build.0 = Release Portable|Any CPU
		{CBE74854-0344-4606-A854-BFA719896A98}.Release|Mixed Platforms.ActiveCfg = Release|Any CPU
		{CBE74854-0344-4606-A854-BFA719896A98}.Release|Mixed Platforms.Build.0 = Release|Any CPU
		{45E7F177-CA65-468A-B528-330A13D931D4}.Debug Portable|Mixed Platforms.ActiveCfg = Debug|x86
		{45E7F177-CA65-468A-B528-330A13D931D4}.Debug|Mixed Platforms.ActiveCfg = Debug|x86
		{45E7F177-CA65-468A-B528-330A13D931D4}.Debug|Mixed Platforms.Build.0 = Debug|x86
		{45E7F177-CA65-468A-B528-330A13D931D4}.Release Portable|Mixed Platforms.ActiveCfg = Release|x86
		{45E7F177-CA65-468A-B528-330A13D931D4}.Release|Mixed Platforms.ActiveCfg = Release|x86
		{45E7F177-CA65-468A-B528-330A13D931D4}.Release|Mixed Platforms.Build.0 = Release|x86
	EndGlobalSection
	GlobalSection(SolutionProperties) = preSolution
		HideSolutionNode = FALSE
	EndGlobalSection
EndGlobal
